PODS:
  - YandexMobileMetrica (2.7.0):
    - YandexMobileMetrica/Static (= 2.7.0)
  - YandexMobileMetrica/Static (2.7.0)

DEPENDENCIES:
  - YandexMobileMetrica (= 2.7.0)

SPEC CHECKSUMS:
  YandexMobileMetrica: c8e9050cd23b10dee4358bdf0a5142583a63995c

PODFILE CHECKSUM: 8eabafa4fafbb5f4542c41ffe3a17a12f647b4da

COCOAPODS: 1.1.1
