PODS:
  - YandexMobileMetrica (2.9.6):
    - YandexMobileMetrica/Static (= 2.9.6)
  - YandexMobileMetrica/Static (2.9.6)

DEPENDENCIES:
  - YandexMobileMetrica (= 2.9.6)

SPEC CHECKSUMS:
  YandexMobileMetrica: 330c11f9e4b8b3b72454c0cd80f61b4231467ebe

PODFILE CHECKSUM: 94ae7008d5efc91ac29cf6ff4c862b844ff591bd

COCOAPODS: 1.3.1
