PODS:
  - YandexMobileMetrica (2.9.4):
    - YandexMobileMetrica/Static (= 2.9.4)
  - YandexMobileMetrica/Static (2.9.4)

DEPENDENCIES:
  - YandexMobileMetrica (= 2.9.4)

SPEC CHECKSUMS:
  YandexMobileMetrica: 8f150e2d04cf34e3af9506a75310a6229bcf05c5

PODFILE CHECKSUM: 7bb579f7223961c14e16a6b4ee26369baf84ce2c

COCOAPODS: 1.1.1
